
Microsoft Visual Studio Solution File, Format Version 12.00
# Visual Studio 15
VisualStudioVersion = 15.0.27428.2005
MinimumVisualStudioVersion = 10.0.40219.1
Project("{FAE04EC0-301F-11D3-BF4B-00C04F79EFBC}") = "BookKeeping", "BookKeeping\BookKeeping.csproj", "{C5923E4C-040C-4EAB-A9D2-AB182E649B57}"
EndProject
Global
	GlobalSection(SolutionConfigurationPlatforms) = preSolution
		Debug|Any CPU = Debug|Any CPU
		Release|Any CPU = Release|Any CPU
	EndGlobalSection
	GlobalSection(ProjectConfigurationPlatforms) = postSolution
		{C5923E4C-040C-4EAB-A9D2-AB182E649B57}.Debug|Any CPU.ActiveCfg = Debug|Any CPU
		{C5923E4C-040C-4EAB-A9D2-AB182E649B57}.Debug|Any CPU.Build.0 = Debug|Any CPU
		{C5923E4C-040C-4EAB-A9D2-AB182E649B57}.Release|Any CPU.ActiveCfg = Release|Any CPU
		{C5923E4C-040C-4EAB-A9D2-AB182E649B57}.Release|Any CPU.Build.0 = Release|Any CPU
	EndGlobalSection
	GlobalSection(SolutionProperties) = preSolution
		HideSolutionNode = FALSE
	EndGlobalSection
	GlobalSection(ExtensibilityGlobals) = postSolution
		SolutionGuid = {DDCA3C52-59E2-4075-90A5-8149E273BAB6}
	EndGlobalSection
EndGlobal
